// !$*UTF8*$!
{
	archiveVersion = 1;
	classes = {
	};
	objectVersion = 51;
	objects = {

/* Begin PBXBuildFile section */
		11734E2C88672D428636DF61 /* Pods_gameOfChat.framework in Frameworks */ = {isa = PBXBuildFile; fileRef = 4454DA742426E6262585E9AE /* Pods_gameOfChat.framework */; };
		154F3B9026D157A900ABFC4A /* GoogleService-Info.plist in Resources */ = {isa = PBXBuildFile; fileRef = 154F3B8F26D157A900ABFC4A /* GoogleService-Info.plist */; };
		15F70A2726CF422F00B484FF /* AppDelegate.swift in Sources */ = {isa = PBXBuildFile; fileRef = 15F70A2626CF422F00B484FF /* AppDelegate.swift */; };
		15F70A2926CF422F00B484FF /* SceneDelegate.swift in Sources */ = {isa = PBXBuildFile; fileRef = 15F70A2826CF422F00B484FF /* SceneDelegate.swift */; };
		15F70A2B26CF422F00B484FF /* MainViewController.swift in Sources */ = {isa = PBXBuildFile; fileRef = 15F70A2A26CF422F00B484FF /* MainViewController.swift */; };
		15F70A3026CF423700B484FF /* Assets.xcassets in Resources */ = {isa = PBXBuildFile; fileRef = 15F70A2F26CF423700B484FF /* Assets.xcassets */; };
		15F70A3326CF423700B484FF /* LaunchScreen.storyboard in Resources */ = {isa = PBXBuildFile; fileRef = 15F70A3126CF423700B484FF /* LaunchScreen.storyboard */; };
		15F70A3E26CF48DC00B484FF /* LoginController.swift in Sources */ = {isa = PBXBuildFile; fileRef = 15F70A3D26CF48DC00B484FF /* LoginController.swift */; };
/* End PBXBuildFile section */

/* Begin PBXFileReference section */
		154F3B8F26D157A900ABFC4A /* GoogleService-Info.plist */ = {isa = PBXFileReference; fileEncoding = 4; lastKnownFileType = text.plist.xml; path = "GoogleService-Info.plist"; sourceTree = "<group>"; };
		15F70A2326CF422F00B484FF /* gameOfChat.app */ = {isa = PBXFileReference; explicitFileType = wrapper.application; includeInIndex = 0; path = gameOfChat.app; sourceTree = BUILT_PRODUCTS_DIR; };
		15F70A2626CF422F00B484FF /* AppDelegate.swift */ = {isa = PBXFileReference; lastKnownFileType = sourcecode.swift; path = AppDelegate.swift; sourceTree = "<group>"; };
		15F70A2826CF422F00B484FF /* SceneDelegate.swift */ = {isa = PBXFileReference; lastKnownFileType = sourcecode.swift; path = SceneDelegate.swift; sourceTree = "<group>"; };
		15F70A2A26CF422F00B484FF /* MainViewController.swift */ = {isa = PBXFileReference; lastKnownFileType = sourcecode.swift; path = MainViewController.swift; sourceTree = "<group>"; };
		15F70A2F26CF423700B484FF /* Assets.xcassets */ = {isa = PBXFileReference; lastKnownFileType = folder.assetcatalog; path = Assets.xcassets; sourceTree = "<group>"; };
		15F70A3226CF423700B484FF /* Base */ = {isa = PBXFileReference; lastKnownFileType = file.storyboard; name = Base; path = Base.lproj/LaunchScreen.storyboard; sourceTree = "<group>"; };
		15F70A3426CF423700B484FF /* Info.plist */ = {isa = PBXFileReference; lastKnownFileType = text.plist.xml; path = Info.plist; sourceTree = "<group>"; };
		15F70A3D26CF48DC00B484FF /* LoginController.swift */ = {isa = PBXFileReference; lastKnownFileType = sourcecode.swift; path = LoginController.swift; sourceTree = "<group>"; };
		4454DA742426E6262585E9AE /* Pods_gameOfChat.framework */ = {isa = PBXFileReference; explicitFileType = wrapper.framework; includeInIndex = 0; path = Pods_gameOfChat.framework; sourceTree = BUILT_PRODUCTS_DIR; };
		8DF1D16348E74D7FB6173F1C /* Pods-gameOfChat.release.xcconfig */ = {isa = PBXFileReference; includeInIndex = 1; lastKnownFileType = text.xcconfig; name = "Pods-gameOfChat.release.xcconfig"; path = "Target Support Files/Pods-gameOfChat/Pods-gameOfChat.release.xcconfig"; sourceTree = "<group>"; };
		9F463DDBADCC77DA33461374 /* Pods-gameOfChat.debug.xcconfig */ = {isa = PBXFileReference; includeInIndex = 1; lastKnownFileType = text.xcconfig; name = "Pods-gameOfChat.debug.xcconfig"; path = "Target Support Files/Pods-gameOfChat/Pods-gameOfChat.debug.xcconfig"; sourceTree = "<group>"; };
/* End PBXFileReference section */

/* Begin PBXFrameworksBuildPhase section */
		15F70A2026CF422F00B484FF /* Frameworks */ = {
			isa = PBXFrameworksBuildPhase;
			buildActionMask = 2147483647;
			files = (
				11734E2C88672D428636DF61 /* Pods_gameOfChat.framework in Frameworks */,
			);
			runOnlyForDeploymentPostprocessing = 0;
		};
/* End PBXFrameworksBuildPhase section */

/* Begin PBXGroup section */
		15AE0B74270667BA00E883C5 /* Resources */ = {
			isa = PBXGroup;
			children = (
				15F70A2F26CF423700B484FF /* Assets.xcassets */,
				15F70A3126CF423700B484FF /* LaunchScreen.storyboard */,
				15F70A3426CF423700B484FF /* Info.plist */,
			);
			path = Resources;
			sourceTree = "<group>";
		};
		15AE0B762706684600E883C5 /* Application */ = {
			isa = PBXGroup;
			children = (
				15F70A2826CF422F00B484FF /* SceneDelegate.swift */,
				15F70A2626CF422F00B484FF /* AppDelegate.swift */,
			);
			path = Application;
			sourceTree = "<group>";
		};
		15F70A1A26CF422F00B484FF = {
			isa = PBXGroup;
			children = (
				15F70A2526CF422F00B484FF /* gameOfChat */,
				15F70A2426CF422F00B484FF /* Products */,
				277DCFAB7D265BEABB8CAB21 /* Pods */,
				FEAB6399D1693E1DBA2668A5 /* Frameworks */,
			);
			sourceTree = "<group>";
		};
		15F70A2426CF422F00B484FF /* Products */ = {
			isa = PBXGroup;
			children = (
				15F70A2326CF422F00B484FF /* gameOfChat.app */,
			);
			name = Products;
			sourceTree = "<group>";
		};
		15F70A2526CF422F00B484FF /* gameOfChat */ = {
			isa = PBXGroup;
			children = (
				15AE0B762706684600E883C5 /* Application */,
				15F70A3C26CF487000B484FF /* Controller */,
				15AE0B74270667BA00E883C5 /* Resources */,
				154F3B8F26D157A900ABFC4A /* GoogleService-Info.plist */,
			);
			path = gameOfChat;
			sourceTree = "<group>";
		};
		15F70A3C26CF487000B484FF /* Controller */ = {
			isa = PBXGroup;
			children = (
				15F70A2A26CF422F00B484FF /* MainViewController.swift */,
				15F70A3D26CF48DC00B484FF /* LoginController.swift */,
			);
			path = Controller;
			sourceTree = "<group>";
		};
		277DCFAB7D265BEABB8CAB21 /* Pods */ = {
			isa = PBXGroup;
			children = (
				9F463DDBADCC77DA33461374 /* Pods-gameOfChat.debug.xcconfig */,
				8DF1D16348E74D7FB6173F1C /* Pods-gameOfChat.release.xcconfig */,
			);
			path = Pods;
			sourceTree = "<group>";
		};
		FEAB6399D1693E1DBA2668A5 /* Frameworks */ = {
			isa = PBXGroup;
			children = (
				4454DA742426E6262585E9AE /* Pods_gameOfChat.framework */,
			);
			name = Frameworks;
			sourceTree = "<group>";
		};
/* End PBXGroup section */

/* Begin PBXNativeTarget section */
		15F70A2226CF422F00B484FF /* gameOfChat */ = {
			isa = PBXNativeTarget;
			buildConfigurationList = 15F70A3726CF423700B484FF /* Build configuration list for PBXNativeTarget "gameOfChat" */;
			buildPhases = (
				D03711826FB86BAC1BB7336F /* [CP] Check Pods Manifest.lock */,
				15F70A1F26CF422F00B484FF /* Sources */,
				15F70A2026CF422F00B484FF /* Frameworks */,
				15F70A2126CF422F00B484FF /* Resources */,
				BDDA3323BC8DF4AFD4B1701F /* [CP] Embed Pods Frameworks */,
			);
			buildRules = (
			);
			dependencies = (
			);
			name = gameOfChat;
			productName = gameOfChat;
			productReference = 15F70A2326CF422F00B484FF /* gameOfChat.app */;
			productType = "com.apple.product-type.application";
		};
/* End PBXNativeTarget section */

/* Begin PBXProject section */
		15F70A1B26CF422F00B484FF /* Project object */ = {
			isa = PBXProject;
			attributes = {
				LastSwiftUpdateCheck = 1240;
				LastUpgradeCheck = 1240;
				TargetAttributes = {
					15F70A2226CF422F00B484FF = {
						CreatedOnToolsVersion = 12.4;
					};
				};
			};
			buildConfigurationList = 15F70A1E26CF422F00B484FF /* Build configuration list for PBXProject "gameOfChat" */;
			compatibilityVersion = "Xcode 9.3";
			developmentRegion = en;
			hasScannedForEncodings = 0;
			knownRegions = (
				en,
				Base,
			);
			mainGroup = 15F70A1A26CF422F00B484FF;
			productRefGroup = 15F70A2426CF422F00B484FF /* Products */;
			projectDirPath = "";
			projectRoot = "";
			targets = (
				15F70A2226CF422F00B484FF /* gameOfChat */,
			);
		};
/* End PBXProject section */

/* Begin PBXResourcesBuildPhase section */
		15F70A2126CF422F00B484FF /* Resources */ = {
			isa = PBXResourcesBuildPhase;
			buildActionMask = 2147483647;
			files = (
				15F70A3326CF423700B484FF /* LaunchScreen.storyboard in Resources */,
				154F3B9026D157A900ABFC4A /* GoogleService-Info.plist in Resources */,
				15F70A3026CF423700B484FF /* Assets.xcassets in Resources */,
			);
			runOnlyForDeploymentPostprocessing = 0;
		};
/* End PBXResourcesBuildPhase section */

/* Begin PBXShellScriptBuildPhase section */
		BDDA3323BC8DF4AFD4B1701F /* [CP] Embed Pods Frameworks */ = {
			isa = PBXShellScriptBuildPhase;
			buildActionMask = 2147483647;
			files = (
			);
			inputFileListPaths = (
				"${PODS_ROOT}/Target Support Files/Pods-gameOfChat/Pods-gameOfChat-frameworks-${CONFIGURATION}-input-files.xcfilelist",
			);
			name = "[CP] Embed Pods Frameworks";
			outputFileListPaths = (
				"${PODS_ROOT}/Target Support Files/Pods-gameOfChat/Pods-gameOfChat-frameworks-${CONFIGURATION}-output-files.xcfilelist",
			);
			runOnlyForDeploymentPostprocessing = 0;
			shellPath = /bin/sh;
			shellScript = "\"${PODS_ROOT}/Target Support Files/Pods-gameOfChat/Pods-gameOfChat-frameworks.sh\"\n";
			showEnvVarsInLog = 0;
		};
		D03711826FB86BAC1BB7336F /* [CP] Check Pods Manifest.lock */ = {
			isa = PBXShellScriptBuildPhase;
			buildActionMask = 2147483647;
			files = (
			);
			inputFileListPaths = (
			);
			inputPaths = (
				"${PODS_PODFILE_DIR_PATH}/Podfile.lock",
				"${PODS_ROOT}/Manifest.lock",
			);
			name = "[CP] Check Pods Manifest.lock";
			outputFileListPaths = (
			);
			outputPaths = (
				"$(DERIVED_FILE_DIR)/Pods-gameOfChat-checkManifestLockResult.txt",
			);
			runOnlyForDeploymentPostprocessing = 0;
			shellPath = /bin/sh;
			shellScript = "diff \"${PODS_PODFILE_DIR_PATH}/Podfile.lock\" \"${PODS_ROOT}/Manifest.lock\" > /dev/null\nif [ $? != 0 ] ; then\n    # print error to STDERR\n    echo \"error: The sandbox is not in sync with the Podfile.lock. Run 'pod install' or update your CocoaPods installation.\" >&2\n    exit 1\nfi\n# This output is used by Xcode 'outputs' to avoid re-running this script phase.\necho \"SUCCESS\" > \"${SCRIPT_OUTPUT_FILE_0}\"\n";
			showEnvVarsInLog = 0;
		};
/* End PBXShellScriptBuildPhase section */

/* Begin PBXSourcesBuildPhase section */
		15F70A1F26CF422F00B484FF /* Sources */ = {
			isa = PBXSourcesBuildPhase;
			buildActionMask = 2147483647;
			files = (
				15F70A2B26CF422F00B484FF /* MainViewController.swift in Sources */,
				15F70A3E26CF48DC00B484FF /* LoginController.swift in Sources */,
				15F70A2726CF422F00B484FF /* AppDelegate.swift in Sources */,
				15F70A2926CF422F00B484FF /* SceneDelegate.swift in Sources */,
			);
			runOnlyForDeploymentPostprocessing = 0;
		};
/* End PBXSourcesBuildPhase section */

/* Begin PBXVariantGroup section */
		15F70A3126CF423700B484FF /* LaunchScreen.storyboard */ = {
			isa = PBXVariantGroup;
			children = (
				15F70A3226CF423700B484FF /* Base */,
			);
			name = LaunchScreen.storyboard;
			sourceTree = "<group>";
		};
/* End PBXVariantGroup section */

/* Begin XCBuildConfiguration section */
		15F70A3526CF423700B484FF /* Debug */ = {
			isa = XCBuildConfiguration;
			buildSettings = {
				ALWAYS_SEARCH_USER_PATHS = NO;
				CLANG_ANALYZER_NONNULL = YES;
				CLANG_ANALYZER_NUMBER_OBJECT_CONVERSION = YES_AGGRESSIVE;
				CLANG_CXX_LANGUAGE_STANDARD = "gnu++14";
				CLANG_CXX_LIBRARY = "libc++";
				CLANG_ENABLE_MODULES = YES;
				CLANG_ENABLE_OBJC_ARC = YES;
				CLANG_ENABLE_OBJC_WEAK = YES;
				CLANG_WARN_BLOCK_CAPTURE_AUTORELEASING = YES;
				CLANG_WARN_BOOL_CONVERSION = YES;
				CLANG_WARN_COMMA = YES;
				CLANG_WARN_CONSTANT_CONVERSION = YES;
				CLANG_WARN_DEPRECATED_OBJC_IMPLEMENTATIONS = YES;
				CLANG_WARN_DIRECT_OBJC_ISA_USAGE = YES_ERROR;
				CLANG_WARN_DOCUMENTATION_COMMENTS = YES;
				CLANG_WARN_EMPTY_BODY = YES;
				CLANG_WARN_ENUM_CONVERSION = YES;
				CLANG_WARN_INFINITE_RECURSION = YES;
				CLANG_WARN_INT_CONVERSION = YES;
				CLANG_WARN_NON_LITERAL_NULL_CONVERSION = YES;
				CLANG_WARN_OBJC_IMPLICIT_RETAIN_SELF = YES;
				CLANG_WARN_OBJC_LITERAL_CONVERSION = YES;
				CLANG_WARN_OBJC_ROOT_CLASS = YES_ERROR;
				CLANG_WARN_QUOTED_INCLUDE_IN_FRAMEWORK_HEADER = YES;
				CLANG_WARN_RANGE_LOOP_ANALYSIS = YES;
				CLANG_WARN_STRICT_PROTOTYPES = YES;
				CLANG_WARN_SUSPICIOUS_MOVE = YES;
				CLANG_WARN_UNGUARDED_AVAILABILITY = YES_AGGRESSIVE;
				CLANG_WARN_UNREACHABLE_CODE = YES;
				CLANG_WARN__DUPLICATE_METHOD_MATCH = YES;
				COPY_PHASE_STRIP = NO;
				DEBUG_INFORMATION_FORMAT = dwarf;
				ENABLE_STRICT_OBJC_MSGSEND = YES;
				ENABLE_TESTABILITY = YES;
				GCC_C_LANGUAGE_STANDARD = gnu11;
				GCC_DYNAMIC_NO_PIC = NO;
				GCC_NO_COMMON_BLOCKS = YES;
				GCC_OPTIMIZATION_LEVEL = 0;
				GCC_PREPROCESSOR_DEFINITIONS = (
					"DEBUG=1",
					"$(inherited)",
				);
				GCC_WARN_64_TO_32_BIT_CONVERSION = YES;
				GCC_WARN_ABOUT_RETURN_TYPE = YES_ERROR;
				GCC_WARN_UNDECLARED_SELECTOR = YES;
				GCC_WARN_UNINITIALIZED_AUTOS = YES_AGGRESSIVE;
				GCC_WARN_UNUSED_FUNCTION = YES;
				GCC_WARN_UNUSED_VARIABLE = YES;
				IPHONEOS_DEPLOYMENT_TARGET = 14.4;
				MTL_ENABLE_DEBUG_INFO = INCLUDE_SOURCE;
				MTL_FAST_MATH = YES;
				ONLY_ACTIVE_ARCH = YES;
				SDKROOT = iphoneos;
				SWIFT_ACTIVE_COMPILATION_CONDITIONS = DEBUG;
				SWIFT_OPTIMIZATION_LEVEL = "-Onone";
			};
			name = Debug;
		};
		15F70A3626CF423700B484FF /* Release */ = {
			isa = XCBuildConfiguration;
			buildSettings = {
				ALWAYS_SEARCH_USER_PATHS = NO;
				CLANG_ANALYZER_NONNULL = YES;
				CLANG_ANALYZER_NUMBER_OBJECT_CONVERSION = YES_AGGRESSIVE;
				CLANG_CXX_LANGUAGE_STANDARD = "gnu++14";
				CLANG_CXX_LIBRARY = "libc++";
				CLANG_ENABLE_MODULES = YES;
				CLANG_ENABLE_OBJC_ARC = YES;
				CLANG_ENABLE_OBJC_WEAK = YES;
				CLANG_WARN_BLOCK_CAPTURE_AUTORELEASING = YES;
				CLANG_WARN_BOOL_CONVERSION = YES;
				CLANG_WARN_COMMA = YES;
				CLANG_WARN_CONSTANT_CONVERSION = YES;
				CLANG_WARN_DEPRECATED_OBJC_IMPLEMENTATIONS = YES;
				CLANG_WARN_DIRECT_OBJC_ISA_USAGE = YES_ERROR;
				CLANG_WARN_DOCUMENTATION_COMMENTS = YES;
				CLANG_WARN_EMPTY_BODY = YES;
				CLANG_WARN_ENUM_CONVERSION = YES;
				CLANG_WARN_INFINITE_RECURSION = YES;
				CLANG_WARN_INT_CONVERSION = YES;
				CLANG_WARN_NON_LITERAL_NULL_CONVERSION = YES;
				CLANG_WARN_OBJC_IMPLICIT_RETAIN_SELF = YES;
				CLANG_WARN_OBJC_LITERAL_CONVERSION = YES;
				CLANG_WARN_OBJC_ROOT_CLASS = YES_ERROR;
				CLANG_WARN_QUOTED_INCLUDE_IN_FRAMEWORK_HEADER = YES;
				CLANG_WARN_RANGE_LOOP_ANALYSIS = YES;
				CLANG_WARN_STRICT_PROTOTYPES = YES;
				CLANG_WARN_SUSPICIOUS_MOVE = YES;
				CLANG_WARN_UNGUARDED_AVAILABILITY = YES_AGGRESSIVE;
				CLANG_WARN_UNREACHABLE_CODE = YES;
				CLANG_WARN__DUPLICATE_METHOD_MATCH = YES;
				COPY_PHASE_STRIP = NO;
				DEBUG_INFORMATION_FORMAT = "dwarf-with-dsym";
				ENABLE_NS_ASSERTIONS = NO;
				ENABLE_STRICT_OBJC_MSGSEND = YES;
				GCC_C_LANGUAGE_STANDARD = gnu11;
				GCC_NO_COMMON_BLOCKS = YES;
				GCC_WARN_64_TO_32_BIT_CONVERSION = YES;
				GCC_WARN_ABOUT_RETURN_TYPE = YES_ERROR;
				GCC_WARN_UNDECLARED_SELECTOR = YES;
				GCC_WARN_UNINITIALIZED_AUTOS = YES_AGGRESSIVE;
				GCC_WARN_UNUSED_FUNCTION = YES;
				GCC_WARN_UNUSED_VARIABLE = YES;
				IPHONEOS_DEPLOYMENT_TARGET = 14.4;
				MTL_ENABLE_DEBUG_INFO = NO;
				MTL_FAST_MATH = YES;
				SDKROOT = iphoneos;
				SWIFT_COMPILATION_MODE = wholemodule;
				SWIFT_OPTIMIZATION_LEVEL = "-O";
				VALIDATE_PRODUCT = YES;
			};
			name = Release;
		};
		15F70A3826CF423700B484FF /* Debug */ = {
			isa = XCBuildConfiguration;
			baseConfigurationReference = 9F463DDBADCC77DA33461374 /* Pods-gameOfChat.debug.xcconfig */;
			buildSettings = {
				ASSETCATALOG_COMPILER_APPICON_NAME = AppIcon;
				ASSETCATALOG_COMPILER_GLOBAL_ACCENT_COLOR_NAME = AccentColor;
				CODE_SIGN_STYLE = Automatic;
				DEVELOPMENT_TEAM = 99TYB5VRS8;
				INFOPLIST_FILE = gameOfChat/Resources/Info.plist;
				LD_RUNPATH_SEARCH_PATHS = (
					"$(inherited)",
					"@executable_path/Frameworks",
				);
				PRODUCT_BUNDLE_IDENTIFIER = com.sara.gameOfChat;
				PRODUCT_NAME = "$(TARGET_NAME)";
				SWIFT_VERSION = 5.0;
				TARGETED_DEVICE_FAMILY = "1,2";
			};
			name = Debug;
		};
		15F70A3926CF423700B484FF /* Release */ = {
			isa = XCBuildConfiguration;
			baseConfigurationReference = 8DF1D16348E74D7FB6173F1C /* Pods-gameOfChat.release.xcconfig */;
			buildSettings = {
				ASSETCATALOG_COMPILER_APPICON_NAME = AppIcon;
				ASSETCATALOG_COMPILER_GLOBAL_ACCENT_COLOR_NAME = AccentColor;
				CODE_SIGN_STYLE = Automatic;
				DEVELOPMENT_TEAM = 99TYB5VRS8;
				INFOPLIST_FILE = gameOfChat/Resources/Info.plist;
				LD_RUNPATH_SEARCH_PATHS = (
					"$(inherited)",
					"@executable_path/Frameworks",
				);
				PRODUCT_BUNDLE_IDENTIFIER = com.sara.gameOfChat;
				PRODUCT_NAME = "$(TARGET_NAME)";
				SWIFT_VERSION = 5.0;
				TARGETED_DEVICE_FAMILY = "1,2";
			};
			name = Release;
		};
/* End XCBuildConfiguration section */

/* Begin XCConfigurationList section */
		15F70A1E26CF422F00B484FF /* Build configuration list for PBXProject "gameOfChat" */ = {
			isa = XCConfigurationList;
			buildConfigurations = (
				15F70A3526CF423700B484FF /* Debug */,
				15F70A3626CF423700B484FF /* Release */,
			);
			defaultConfigurationIsVisible = 0;
			defaultConfigurationName = Release;
		};
		15F70A3726CF423700B484FF /* Build configuration list for PBXNativeTarget "gameOfChat" */ = {
			isa = XCConfigurationList;
			buildConfigurations = (
				15F70A3826CF423700B484FF /* Debug */,
				15F70A3926CF423700B484FF /* Release */,
			);
			defaultConfigurationIsVisible = 0;
			defaultConfigurationName = Release;
		};
/* End XCConfigurationList section */
	};
	rootObject = 15F70A1B26CF422F00B484FF /* Project object */;
}
